
Microsoft Visual Studio Solution File, Format Version 12.00
# Visual Studio 2012
Project("{FAE04EC0-301F-11D3-BF4B-00C04F79EFBC}") = "Reyna.Facts", "Reyna.Facts\Reyna.Facts.csproj", "{7C478161-0413-4CE2-82A7-92EF87B39FC2}"
EndProject
Project("{FAE04EC0-301F-11D3-BF4B-00C04F79EFBC}") = "Reyna", "Reyna\Reyna.csproj", "{0038A542-6F23-47EB-B827-4ECC51D2220E}"
EndProject
Project("{2150E333-8FDC-42A3-9474-1A3956D46DE8}") = ".nuget", ".nuget", "{56B89C9F-75E1-4D3A-B40A-B65B29A5F452}"
	ProjectSection(SolutionItems) = preProject
		.nuget\NuGet.Config = .nuget\NuGet.Config
		.nuget\NuGet.exe = .nuget\NuGet.exe
		.nuget\NuGet.targets = .nuget\NuGet.targets
	EndProjectSection
EndProject
Project("{FAE04EC0-301F-11D3-BF4B-00C04F79EFBC}") = "Reyna.Integration.Facts", "Reyna.Integration.Facts\Reyna.Integration.Facts.csproj", "{40358D85-7952-4218-B874-9DCD56A7A0F1}"
EndProject
Global
	GlobalSection(SolutionConfigurationPlatforms) = preSolution
		Debug|Any CPU = Debug|Any CPU
		Release|Any CPU = Release|Any CPU
	EndGlobalSection
	GlobalSection(ProjectConfigurationPlatforms) = postSolution
		{7C478161-0413-4CE2-82A7-92EF87B39FC2}.Debug|Any CPU.ActiveCfg = Debug|Any CPU
		{7C478161-0413-4CE2-82A7-92EF87B39FC2}.Debug|Any CPU.Build.0 = Debug|Any CPU
		{7C478161-0413-4CE2-82A7-92EF87B39FC2}.Release|Any CPU.ActiveCfg = Release|Any CPU
		{7C478161-0413-4CE2-82A7-92EF87B39FC2}.Release|Any CPU.Build.0 = Release|Any CPU
		{0038A542-6F23-47EB-B827-4ECC51D2220E}.Debug|Any CPU.ActiveCfg = Debug|Any CPU
		{0038A542-6F23-47EB-B827-4ECC51D2220E}.Debug|Any CPU.Build.0 = Debug|Any CPU
		{0038A542-6F23-47EB-B827-4ECC51D2220E}.Release|Any CPU.ActiveCfg = Release|Any CPU
		{0038A542-6F23-47EB-B827-4ECC51D2220E}.Release|Any CPU.Build.0 = Release|Any CPU
		{40358D85-7952-4218-B874-9DCD56A7A0F1}.Debug|Any CPU.ActiveCfg = Debug|Any CPU
		{40358D85-7952-4218-B874-9DCD56A7A0F1}.Debug|Any CPU.Build.0 = Debug|Any CPU
		{40358D85-7952-4218-B874-9DCD56A7A0F1}.Release|Any CPU.ActiveCfg = Release|Any CPU
		{40358D85-7952-4218-B874-9DCD56A7A0F1}.Release|Any CPU.Build.0 = Release|Any CPU
	EndGlobalSection
	GlobalSection(SolutionProperties) = preSolution
		HideSolutionNode = FALSE
	EndGlobalSection
EndGlobal
